
Microsoft Visual Studio Solution File, Format Version 12.00
# Visual Studio Version 17
VisualStudioVersion = 17.0.31903.59
MinimumVisualStudioVersion = 10.0.40219.1
Project("{2150E333-8FDC-42A3-9474-1A3956D46DE8}") = "src", "src", "{D3081D13-87B9-40E3-9A72-AC53FAE91E63}"
EndProject
Project("{FAE04EC0-301F-11D3-BF4B-00C04F79EFBC}") = "AuctionService", "src\AuctionService\AuctionService.csproj", "{97D97D48-F377-45F8-AA87-FC7B3723A17D}"
EndProject
Global
	GlobalSection(SolutionConfigurationPlatforms) = preSolution
		Debug|Any CPU = Debug|Any CPU
		Release|Any CPU = Release|Any CPU
	EndGlobalSection
	GlobalSection(ProjectConfigurationPlatforms) = postSolution
		{97D97D48-F377-45F8-AA87-FC7B3723A17D}.Debug|Any CPU.ActiveCfg = Debug|Any CPU
		{97D97D48-F377-45F8-AA87-FC7B3723A17D}.Debug|Any CPU.Build.0 = Debug|Any CPU
		{97D97D48-F377-45F8-AA87-FC7B3723A17D}.Release|Any CPU.ActiveCfg = Release|Any CPU
		{97D97D48-F377-45F8-AA87-FC7B3723A17D}.Release|Any CPU.Build.0 = Release|Any CPU
	EndGlobalSection
	GlobalSection(SolutionProperties) = preSolution
		HideSolutionNode = FALSE
	EndGlobalSection
	GlobalSection(NestedProjects) = preSolution
		{97D97D48-F377-45F8-AA87-FC7B3723A17D} = {D3081D13-87B9-40E3-9A72-AC53FAE91E63}
	EndGlobalSection
EndGlobal
